
Microsoft Visual Studio Solution File, Format Version 12.00
# Visual Studio Version 16
VisualStudioVersion = 16.0.30114.105
MinimumVisualStudioVersion = 10.0.40219.1
Project("{9A19103F-16F7-4668-BE54-9A1E7A4F7556}") = "MarpleSolver", "MarpleSolver\MarpleSolver.csproj", "{AB7A0E55-791C-4181-B36C-170ED7D946CD}"
EndProject
Project("{2150E333-8FDC-42A3-9474-1A3956D46DE8}") = "Solution Items", "Solution Items", "{5699B134-7232-4E66-962D-2D83D2DB29B1}"
	ProjectSection(SolutionItems) = preProject
		.editorconfig = .editorconfig
	EndProjectSection
EndProject
Global
	GlobalSection(SolutionConfigurationPlatforms) = preSolution
		Debug|Any CPU = Debug|Any CPU
		Release|Any CPU = Release|Any CPU
	EndGlobalSection
	GlobalSection(ProjectConfigurationPlatforms) = postSolution
		{AB7A0E55-791C-4181-B36C-170ED7D946CD}.Debug|Any CPU.ActiveCfg = Debug|Any CPU
		{AB7A0E55-791C-4181-B36C-170ED7D946CD}.Debug|Any CPU.Build.0 = Debug|Any CPU
		{AB7A0E55-791C-4181-B36C-170ED7D946CD}.Release|Any CPU.ActiveCfg = Release|Any CPU
		{AB7A0E55-791C-4181-B36C-170ED7D946CD}.Release|Any CPU.Build.0 = Release|Any CPU
	EndGlobalSection
	GlobalSection(SolutionProperties) = preSolution
		HideSolutionNode = FALSE
	EndGlobalSection
	GlobalSection(ExtensibilityGlobals) = postSolution
		SolutionGuid = {E91F0986-E9EA-4AE9-8BB5-11029ED4C21A}
	EndGlobalSection
EndGlobal
